
Microsoft Visual Studio Solution File, Format Version 12.00
# Visual Studio Version 17
VisualStudioVersion = 17.9.34622.214
MinimumVisualStudioVersion = 10.0.40219.1
Project("{FAE04EC0-301F-11D3-BF4B-00C04F79EFBC}") = "WebSocketServer", "WebSocketServer\WebSocketServer.csproj", "{BCD218CA-54A3-4F11-BBA5-9CC95F4354F5}"
EndProject
Global
	GlobalSection(SolutionConfigurationPlatforms) = preSolution
		Debug|Any CPU = Debug|Any CPU
		Release|Any CPU = Release|Any CPU
	EndGlobalSection
	GlobalSection(ProjectConfigurationPlatforms) = postSolution
		{BCD218CA-54A3-4F11-BBA5-9CC95F4354F5}.Debug|Any CPU.ActiveCfg = Debug|Any CPU
		{BCD218CA-54A3-4F11-BBA5-9CC95F4354F5}.Debug|Any CPU.Build.0 = Debug|Any CPU
		{BCD218CA-54A3-4F11-BBA5-9CC95F4354F5}.Release|Any CPU.ActiveCfg = Release|Any CPU
		{BCD218CA-54A3-4F11-BBA5-9CC95F4354F5}.Release|Any CPU.Build.0 = Release|Any CPU
	EndGlobalSection
	GlobalSection(SolutionProperties) = preSolution
		HideSolutionNode = FALSE
	EndGlobalSection
	GlobalSection(ExtensibilityGlobals) = postSolution
		SolutionGuid = {9EBA6D59-C0AD-4EB7-99E0-4D46199DA277}
	EndGlobalSection
EndGlobal
